{
  "name": "whattf.how",
  "lockfileVersion": 3,
  "requires": true,
  "packages": {
    "": {
      "dependencies": {
        "@types/assert": "^1.5.6",
        "strongly-typed-events": "^3.0.9"
      }
    },
    "node_modules/@types/assert": {
      "version": "1.5.6",
      "resolved": "https://registry.npmjs.org/@types/assert/-/assert-1.5.6.tgz",
      "integrity": "sha512-Y7gDJiIqb9qKUHfBQYOWGngUpLORtirAVPuj/CWJrU2C6ZM4/y3XLwuwfGMF8s7QzW746LQZx23m0+1FSgjfug=="
    },
    "node_modules/ste-core": {
      "version": "3.0.8",
      "resolved": "https://registry.npmjs.org/ste-core/-/ste-core-3.0.8.tgz",
      "integrity": "sha512-OnJfg9CvvZw1kX64sNOTw9UwgygH/29e96ZKQudBMmmxsQvYSFxlYZXDov++agkOFx7KLDaII9J1LrvTZjPikA==",
      "engines": {
        "node": ">=4.2.4"
      }
    },
    "node_modules/ste-events": {
      "version": "3.0.9",
      "resolved": "https://registry.npmjs.org/ste-events/-/ste-events-3.0.9.tgz",
      "integrity": "sha512-2QhGXRuXUkGH7kruv9V8LDB3DlWGkmqREuoykOhfBIXEbZ4U158MZBa4jVYVYrgK4x6TcV0UQ0k8LQ/rNwPDOw==",
      "dependencies": {
        "ste-core": "^3.0.8"
      },
      "engines": {
        "node": ">=4.2.4"
      }
    },
    "node_modules/ste-promise-events": {
      "version": "3.0.9",
      "resolved": "https://registry.npmjs.org/ste-promise-events/-/ste-promise-events-3.0.9.tgz",
      "integrity": "sha512-XJsSbEZ5to4vH9f0mzJdm95axPXYhz/lOHSY4ghHAiuwtF/Az32gPHgNLuW4XIQs0kIlCOQpiik7o6/hF54Prw==",
      "dependencies": {
        "ste-core": "^3.0.8"
      },
      "engines": {
        "node": ">=4.2.4"
      }
    },
    "node_modules/ste-promise-signals": {
      "version": "3.0.9",
      "resolved": "https://registry.npmjs.org/ste-promise-signals/-/ste-promise-signals-3.0.9.tgz",
      "integrity": "sha512-YM4Hc14TqxZAd8IukUgRxyxs8giZMlNOZpFOHgnuADJEzHIUBl7RU9zo6UCqz5ksoCQQ+UkzjI07vQ/Y9tHWOw==",
      "dependencies": {
        "ste-core": "^3.0.8"
      },
      "engines": {
        "node": ">=4.2.4"
      }
    },
    "node_modules/ste-promise-simple-events": {
      "version": "3.0.9",
      "resolved": "https://registry.npmjs.org/ste-promise-simple-events/-/ste-promise-simple-events-3.0.9.tgz",
      "integrity": "sha512-tT/NFgzEJ/QXiBUFi4MmKnWDzr55D+znb6wU6RoNx9FgbjnUxqnosc4nEj5qOZef5UmAHQQyfXnKrHOInFdRwg==",
      "dependencies": {
        "ste-core": "^3.0.8"
      },
      "engines": {
        "node": ">=4.2.4"
      }
    },
    "node_modules/ste-signals": {
      "version": "3.0.9",
      "resolved": "https://registry.npmjs.org/ste-signals/-/ste-signals-3.0.9.tgz",
      "integrity": "sha512-MK4nYurHSTeWwl5hYXC9e7kaGkFN3HSn31ZBLX2bqJ3RWaz+bodmxGgrzoh9Uld1E7+NBZIXTquA5JKP08bU4w==",
      "dependencies": {
        "ste-core": "^3.0.8"
      },
      "engines": {
        "node": ">=4.2.4"
      }
    },
    "node_modules/ste-simple-events": {
      "version": "3.0.9",
      "resolved": "https://registry.npmjs.org/ste-simple-events/-/ste-simple-events-3.0.9.tgz",
      "integrity": "sha512-3csCGgu1fu0yGpVxAx4G4UYo6YLZ+E36t0j+fFAFGGIEZM3MIgjf6MowIqQ+KF+ry5GoN8t+nRBXW4oOtxO4cg==",
      "dependencies": {
        "ste-core": "^3.0.8"
      },
      "engines": {
        "node": ">=4.2.4"
      }
    },
    "node_modules/strongly-typed-events": {
      "version": "3.0.9",
      "resolved": "https://registry.npmjs.org/strongly-typed-events/-/strongly-typed-events-3.0.9.tgz",
      "integrity": "sha512-W5Wt3z45bt62lcN3K3iGRmYB2FBi48cAgBiH1wqjvHMhsng755gMJWzkITfZ3/HIKZDnDomDO/B2HnK5U+9HZg==",
      "dependencies": {
        "ste-core": "^3.0.8",
        "ste-events": "^3.0.9",
        "ste-promise-events": "^3.0.9",
        "ste-promise-signals": "^3.0.9",
        "ste-promise-simple-events": "^3.0.9",
        "ste-signals": "^3.0.9",
        "ste-simple-events": "^3.0.9"
      },
      "engines": {
        "node": ">=4.2.4"
      }
    }
  }
}
